// !$*UTF8*$!
{
	archiveVersion = 1;
	classes = {
	};
	objectVersion = 56;
	objects = {

/* Begin PBXBuildFile section */
		2E4E9DEE2A8C67420080E686 /* AppDelegate.m in Sources */ = {isa = PBXBuildFile; fileRef = 2E4E9DED2A8C67420080E686 /* AppDelegate.m */; };
		2E4E9DF12A8C67420080E686 /* SceneDelegate.m in Sources */ = {isa = PBXBuildFile; fileRef = 2E4E9DF02A8C67420080E686 /* SceneDelegate.m */; };
		2E4E9DF42A8C67420080E686 /* ViewController.m in Sources */ = {isa = PBXBuildFile; fileRef = 2E4E9DF32A8C67420080E686 /* ViewController.m */; };
		2E4E9DF72A8C67420080E686 /* Main.storyboard in Resources */ = {isa = PBXBuildFile; fileRef = 2E4E9DF52A8C67420080E686 /* Main.storyboard */; };
		2E4E9DF92A8C67430080E686 /* Assets.xcassets in Resources */ = {isa = PBXBuildFile; fileRef = 2E4E9DF82A8C67430080E686 /* Assets.xcassets */; };
		2E4E9DFC2A8C67430080E686 /* LaunchScreen.storyboard in Resources */ = {isa = PBXBuildFile; fileRef = 2E4E9DFA2A8C67430080E686 /* LaunchScreen.storyboard */; };
		2E4E9DFF2A8C67430080E686 /* main.m in Sources */ = {isa = PBXBuildFile; fileRef = 2E4E9DFE2A8C67430080E686 /* main.m */; };
		2E4E9E092A8C675B0080E686 /* ThirdController.m in Sources */ = {isa = PBXBuildFile; fileRef = 2E4E9E062A8C675A0080E686 /* ThirdController.m */; };
		2E4E9E0A2A8C675B0080E686 /* SecondController.m in Sources */ = {isa = PBXBuildFile; fileRef = 2E4E9E072A8C675A0080E686 /* SecondController.m */; };
		2EA86E572A8C6A53000263ED /* LCNavigationController.m in Sources */ = {isa = PBXBuildFile; fileRef = 2EA86E562A8C6A53000263ED /* LCNavigationController.m */; };
		2EA86E5A2A8C6A82000263ED /* UIViewController+Push.m in Sources */ = {isa = PBXBuildFile; fileRef = 2EA86E592A8C6A82000263ED /* UIViewController+Push.m */; };
		2EA86E5D2A8C6AC3000263ED /* LCPresentAnimation.m in Sources */ = {isa = PBXBuildFile; fileRef = 2EA86E5C2A8C6AC2000263ED /* LCPresentAnimation.m */; };
/* End PBXBuildFile section */

/* Begin PBXFileReference section */
		2E4E9DE92A8C67420080E686 /* PushDemo.app */ = {isa = PBXFileReference; explicitFileType = wrapper.application; includeInIndex = 0; path = PushDemo.app; sourceTree = BUILT_PRODUCTS_DIR; };
		2E4E9DEC2A8C67420080E686 /* AppDelegate.h */ = {isa = PBXFileReference; lastKnownFileType = sourcecode.c.h; path = AppDelegate.h; sourceTree = "<group>"; };
		2E4E9DED2A8C67420080E686 /* AppDelegate.m */ = {isa = PBXFileReference; lastKnownFileType = sourcecode.c.objc; path = AppDelegate.m; sourceTree = "<group>"; };
		2E4E9DEF2A8C67420080E686 /* SceneDelegate.h */ = {isa = PBXFileReference; lastKnownFileType = sourcecode.c.h; path = SceneDelegate.h; sourceTree = "<group>"; };
		2E4E9DF02A8C67420080E686 /* SceneDelegate.m */ = {isa = PBXFileReference; lastKnownFileType = sourcecode.c.objc; path = SceneDelegate.m; sourceTree = "<group>"; };
		2E4E9DF22A8C67420080E686 /* ViewController.h */ = {isa = PBXFileReference; lastKnownFileType = sourcecode.c.h; path = ViewController.h; sourceTree = "<group>"; };
		2E4E9DF32A8C67420080E686 /* ViewController.m */ = {isa = PBXFileReference; lastKnownFileType = sourcecode.c.objc; path = ViewController.m; sourceTree = "<group>"; };
		2E4E9DF62A8C67420080E686 /* Base */ = {isa = PBXFileReference; lastKnownFileType = file.storyboard; name = Base; path = Base.lproj/Main.storyboard; sourceTree = "<group>"; };
		2E4E9DF82A8C67430080E686 /* Assets.xcassets */ = {isa = PBXFileReference; lastKnownFileType = folder.assetcatalog; path = Assets.xcassets; sourceTree = "<group>"; };
		2E4E9DFB2A8C67430080E686 /* Base */ = {isa = PBXFileReference; lastKnownFileType = file.storyboard; name = Base; path = Base.lproj/LaunchScreen.storyboard; sourceTree = "<group>"; };
		2E4E9DFD2A8C67430080E686 /* Info.plist */ = {isa = PBXFileReference; lastKnownFileType = text.plist.xml; path = Info.plist; sourceTree = "<group>"; };
		2E4E9DFE2A8C67430080E686 /* main.m */ = {isa = PBXFileReference; lastKnownFileType = sourcecode.c.objc; path = main.m; sourceTree = "<group>"; };
		2E4E9E052A8C675A0080E686 /* ThirdController.h */ = {isa = PBXFileReference; fileEncoding = 4; lastKnownFileType = sourcecode.c.h; path = ThirdController.h; sourceTree = "<group>"; };
		2E4E9E062A8C675A0080E686 /* ThirdController.m */ = {isa = PBXFileReference; fileEncoding = 4; lastKnownFileType = sourcecode.c.objc; path = ThirdController.m; sourceTree = "<group>"; };
		2E4E9E072A8C675A0080E686 /* SecondController.m */ = {isa = PBXFileReference; fileEncoding = 4; lastKnownFileType = sourcecode.c.objc; path = SecondController.m; sourceTree = "<group>"; };
		2E4E9E082A8C675B0080E686 /* SecondController.h */ = {isa = PBXFileReference; fileEncoding = 4; lastKnownFileType = sourcecode.c.h; path = SecondController.h; sourceTree = "<group>"; };
		2EA86E552A8C6A53000263ED /* LCNavigationController.h */ = {isa = PBXFileReference; lastKnownFileType = sourcecode.c.h; path = LCNavigationController.h; sourceTree = "<group>"; };
		2EA86E562A8C6A53000263ED /* LCNavigationController.m */ = {isa = PBXFileReference; lastKnownFileType = sourcecode.c.objc; path = LCNavigationController.m; sourceTree = "<group>"; };
		2EA86E582A8C6A82000263ED /* UIViewController+Push.h */ = {isa = PBXFileReference; lastKnownFileType = sourcecode.c.h; path = "UIViewController+Push.h"; sourceTree = "<group>"; };
		2EA86E592A8C6A82000263ED /* UIViewController+Push.m */ = {isa = PBXFileReference; lastKnownFileType = sourcecode.c.objc; path = "UIViewController+Push.m"; sourceTree = "<group>"; };
		2EA86E5B2A8C6AC2000263ED /* LCPresentAnimation.h */ = {isa = PBXFileReference; lastKnownFileType = sourcecode.c.h; path = LCPresentAnimation.h; sourceTree = "<group>"; };
		2EA86E5C2A8C6AC2000263ED /* LCPresentAnimation.m */ = {isa = PBXFileReference; lastKnownFileType = sourcecode.c.objc; path = LCPresentAnimation.m; sourceTree = "<group>"; };
		2EA86E5E2A8C6AEE000263ED /* LCCustomNavigationAnimationProtocol.h */ = {isa = PBXFileReference; lastKnownFileType = sourcecode.c.h; path = LCCustomNavigationAnimationProtocol.h; sourceTree = "<group>"; };
/* End PBXFileReference section */

/* Begin PBXFrameworksBuildPhase section */
		2E4E9DE62A8C67420080E686 /* Frameworks */ = {
			isa = PBXFrameworksBuildPhase;
			buildActionMask = 2147483647;
			files = (
			);
			runOnlyForDeploymentPostprocessing = 0;
		};
/* End PBXFrameworksBuildPhase section */

/* Begin PBXGroup section */
		2E4E9DE02A8C67420080E686 = {
			isa = PBXGroup;
			children = (
				2E4E9DEB2A8C67420080E686 /* PushDemo */,
				2E4E9DEA2A8C67420080E686 /* Products */,
			);
			sourceTree = "<group>";
		};
		2E4E9DEA2A8C67420080E686 /* Products */ = {
			isa = PBXGroup;
			children = (
				2E4E9DE92A8C67420080E686 /* PushDemo.app */,
			);
			name = Products;
			sourceTree = "<group>";
		};
		2E4E9DEB2A8C67420080E686 /* PushDemo */ = {
			isa = PBXGroup;
			children = (
				2E4E9DEC2A8C67420080E686 /* AppDelegate.h */,
				2E4E9DED2A8C67420080E686 /* AppDelegate.m */,
				2E4E9DEF2A8C67420080E686 /* SceneDelegate.h */,
				2E4E9DF02A8C67420080E686 /* SceneDelegate.m */,
				2E4E9DF22A8C67420080E686 /* ViewController.h */,
				2E4E9DF32A8C67420080E686 /* ViewController.m */,
				2E4E9E082A8C675B0080E686 /* SecondController.h */,
				2E4E9E072A8C675A0080E686 /* SecondController.m */,
				2E4E9E052A8C675A0080E686 /* ThirdController.h */,
				2E4E9E062A8C675A0080E686 /* ThirdController.m */,
				2EA86E552A8C6A53000263ED /* LCNavigationController.h */,
				2EA86E562A8C6A53000263ED /* LCNavigationController.m */,
				2EA86E582A8C6A82000263ED /* UIViewController+Push.h */,
				2EA86E592A8C6A82000263ED /* UIViewController+Push.m */,
				2EA86E5B2A8C6AC2000263ED /* LCPresentAnimation.h */,
				2EA86E5C2A8C6AC2000263ED /* LCPresentAnimation.m */,
				2EA86E5E2A8C6AEE000263ED /* LCCustomNavigationAnimationProtocol.h */,
				2E4E9DF52A8C67420080E686 /* Main.storyboard */,
				2E4E9DF82A8C67430080E686 /* Assets.xcassets */,
				2E4E9DFA2A8C67430080E686 /* LaunchScreen.storyboard */,
				2E4E9DFD2A8C67430080E686 /* Info.plist */,
				2E4E9DFE2A8C67430080E686 /* main.m */,
			);
			path = PushDemo;
			sourceTree = "<group>";
		};
/* End PBXGroup section */

/* Begin PBXNativeTarget section */
		2E4E9DE82A8C67420080E686 /* PushDemo */ = {
			isa = PBXNativeTarget;
			buildConfigurationList = 2E4E9E022A8C67430080E686 /* Build configuration list for PBXNativeTarget "PushDemo" */;
			buildPhases = (
				2E4E9DE52A8C67420080E686 /* Sources */,
				2E4E9DE62A8C67420080E686 /* Frameworks */,
				2E4E9DE72A8C67420080E686 /* Resources */,
			);
			buildRules = (
			);
			dependencies = (
			);
			name = PushDemo;
			productName = PushDemo;
			productReference = 2E4E9DE92A8C67420080E686 /* PushDemo.app */;
			productType = "com.apple.product-type.application";
		};
/* End PBXNativeTarget section */

/* Begin PBXProject section */
		2E4E9DE12A8C67420080E686 /* Project object */ = {
			isa = PBXProject;
			attributes = {
				BuildIndependentTargetsInParallel = 1;
				LastUpgradeCheck = 1420;
				TargetAttributes = {
					2E4E9DE82A8C67420080E686 = {
						CreatedOnToolsVersion = 14.2;
					};
				};
			};
			buildConfigurationList = 2E4E9DE42A8C67420080E686 /* Build configuration list for PBXProject "PushDemo" */;
			compatibilityVersion = "Xcode 14.0";
			developmentRegion = en;
			hasScannedForEncodings = 0;
			knownRegions = (
				en,
				Base,
			);
			mainGroup = 2E4E9DE02A8C67420080E686;
			productRefGroup = 2E4E9DEA2A8C67420080E686 /* Products */;
			projectDirPath = "";
			projectRoot = "";
			targets = (
				2E4E9DE82A8C67420080E686 /* PushDemo */,
			);
		};
/* End PBXProject section */

/* Begin PBXResourcesBuildPhase section */
		2E4E9DE72A8C67420080E686 /* Resources */ = {
			isa = PBXResourcesBuildPhase;
			buildActionMask = 2147483647;
			files = (
				2E4E9DFC2A8C67430080E686 /* LaunchScreen.storyboard in Resources */,
				2E4E9DF92A8C67430080E686 /* Assets.xcassets in Resources */,
				2E4E9DF72A8C67420080E686 /* Main.storyboard in Resources */,
			);
			runOnlyForDeploymentPostprocessing = 0;
		};
/* End PBXResourcesBuildPhase section */

/* Begin PBXSourcesBuildPhase section */
		2E4E9DE52A8C67420080E686 /* Sources */ = {
			isa = PBXSourcesBuildPhase;
			buildActionMask = 2147483647;
			files = (
				2E4E9DF42A8C67420080E686 /* ViewController.m in Sources */,
				2E4E9DEE2A8C67420080E686 /* AppDelegate.m in Sources */,
				2EA86E5A2A8C6A82000263ED /* UIViewController+Push.m in Sources */,
				2E4E9DFF2A8C67430080E686 /* main.m in Sources */,
				2E4E9E0A2A8C675B0080E686 /* SecondController.m in Sources */,
				2EA86E572A8C6A53000263ED /* LCNavigationController.m in Sources */,
				2E4E9E092A8C675B0080E686 /* ThirdController.m in Sources */,
				2EA86E5D2A8C6AC3000263ED /* LCPresentAnimation.m in Sources */,
				2E4E9DF12A8C67420080E686 /* SceneDelegate.m in Sources */,
			);
			runOnlyForDeploymentPostprocessing = 0;
		};
/* End PBXSourcesBuildPhase section */

/* Begin PBXVariantGroup section */
		2E4E9DF52A8C67420080E686 /* Main.storyboard */ = {
			isa = PBXVariantGroup;
			children = (
				2E4E9DF62A8C67420080E686 /* Base */,
			);
			name = Main.storyboard;
			sourceTree = "<group>";
		};
		2E4E9DFA2A8C67430080E686 /* LaunchScreen.storyboard */ = {
			isa = PBXVariantGroup;
			children = (
				2E4E9DFB2A8C67430080E686 /* Base */,
			);
			name = LaunchScreen.storyboard;
			sourceTree = "<group>";
		};
/* End PBXVariantGroup section */

/* Begin XCBuildConfiguration section */
		2E4E9E002A8C67430080E686 /* Debug */ = {
			isa = XCBuildConfiguration;
			buildSettings = {
				ALWAYS_SEARCH_USER_PATHS = NO;
				CLANG_ANALYZER_NONNULL = YES;
				CLANG_ANALYZER_NUMBER_OBJECT_CONVERSION = YES_AGGRESSIVE;
				CLANG_CXX_LANGUAGE_STANDARD = "gnu++20";
				CLANG_ENABLE_MODULES = YES;
				CLANG_ENABLE_OBJC_ARC = YES;
				CLANG_ENABLE_OBJC_WEAK = YES;
				CLANG_WARN_BLOCK_CAPTURE_AUTORELEASING = YES;
				CLANG_WARN_BOOL_CONVERSION = YES;
				CLANG_WARN_COMMA = YES;
				CLANG_WARN_CONSTANT_CONVERSION = YES;
				CLANG_WARN_DEPRECATED_OBJC_IMPLEMENTATIONS = YES;
				CLANG_WARN_DIRECT_OBJC_ISA_USAGE = YES_ERROR;
				CLANG_WARN_DOCUMENTATION_COMMENTS = YES;
				CLANG_WARN_EMPTY_BODY = YES;
				CLANG_WARN_ENUM_CONVERSION = YES;
				CLANG_WARN_INFINITE_RECURSION = YES;
				CLANG_WARN_INT_CONVERSION = YES;
				CLANG_WARN_NON_LITERAL_NULL_CONVERSION = YES;
				CLANG_WARN_OBJC_IMPLICIT_RETAIN_SELF = YES;
				CLANG_WARN_OBJC_LITERAL_CONVERSION = YES;
				CLANG_WARN_OBJC_ROOT_CLASS = YES_ERROR;
				CLANG_WARN_QUOTED_INCLUDE_IN_FRAMEWORK_HEADER = YES;
				CLANG_WARN_RANGE_LOOP_ANALYSIS = YES;
				CLANG_WARN_STRICT_PROTOTYPES = YES;
				CLANG_WARN_SUSPICIOUS_MOVE = YES;
				CLANG_WARN_UNGUARDED_AVAILABILITY = YES_AGGRESSIVE;
				CLANG_WARN_UNREACHABLE_CODE = YES;
				CLANG_WARN__DUPLICATE_METHOD_MATCH = YES;
				COPY_PHASE_STRIP = NO;
				DEBUG_INFORMATION_FORMAT = dwarf;
				ENABLE_STRICT_OBJC_MSGSEND = YES;
				ENABLE_TESTABILITY = YES;
				GCC_C_LANGUAGE_STANDARD = gnu11;
				GCC_DYNAMIC_NO_PIC = NO;
				GCC_NO_COMMON_BLOCKS = YES;
				GCC_OPTIMIZATION_LEVEL = 0;
				GCC_PREPROCESSOR_DEFINITIONS = (
					"DEBUG=1",
					"$(inherited)",
				);
				GCC_WARN_64_TO_32_BIT_CONVERSION = YES;
				GCC_WARN_ABOUT_RETURN_TYPE = YES_ERROR;
				GCC_WARN_UNDECLARED_SELECTOR = YES;
				GCC_WARN_UNINITIALIZED_AUTOS = YES_AGGRESSIVE;
				GCC_WARN_UNUSED_FUNCTION = YES;
				GCC_WARN_UNUSED_VARIABLE = YES;
				IPHONEOS_DEPLOYMENT_TARGET = 16.2;
				MTL_ENABLE_DEBUG_INFO = INCLUDE_SOURCE;
				MTL_FAST_MATH = YES;
				ONLY_ACTIVE_ARCH = YES;
				SDKROOT = iphoneos;
			};
			name = Debug;
		};
		2E4E9E012A8C67430080E686 /* Release */ = {
			isa = XCBuildConfiguration;
			buildSettings = {
				ALWAYS_SEARCH_USER_PATHS = NO;
				CLANG_ANALYZER_NONNULL = YES;
				CLANG_ANALYZER_NUMBER_OBJECT_CONVERSION = YES_AGGRESSIVE;
				CLANG_CXX_LANGUAGE_STANDARD = "gnu++20";
				CLANG_ENABLE_MODULES = YES;
				CLANG_ENABLE_OBJC_ARC = YES;
				CLANG_ENABLE_OBJC_WEAK = YES;
				CLANG_WARN_BLOCK_CAPTURE_AUTORELEASING = YES;
				CLANG_WARN_BOOL_CONVERSION = YES;
				CLANG_WARN_COMMA = YES;
				CLANG_WARN_CONSTANT_CONVERSION = YES;
				CLANG_WARN_DEPRECATED_OBJC_IMPLEMENTATIONS = YES;
				CLANG_WARN_DIRECT_OBJC_ISA_USAGE = YES_ERROR;
				CLANG_WARN_DOCUMENTATION_COMMENTS = YES;
				CLANG_WARN_EMPTY_BODY = YES;
				CLANG_WARN_ENUM_CONVERSION = YES;
				CLANG_WARN_INFINITE_RECURSION = YES;
				CLANG_WARN_INT_CONVERSION = YES;
				CLANG_WARN_NON_LITERAL_NULL_CONVERSION = YES;
				CLANG_WARN_OBJC_IMPLICIT_RETAIN_SELF = YES;
				CLANG_WARN_OBJC_LITERAL_CONVERSION = YES;
				CLANG_WARN_OBJC_ROOT_CLASS = YES_ERROR;
				CLANG_WARN_QUOTED_INCLUDE_IN_FRAMEWORK_HEADER = YES;
				CLANG_WARN_RANGE_LOOP_ANALYSIS = YES;
				CLANG_WARN_STRICT_PROTOTYPES = YES;
				CLANG_WARN_SUSPICIOUS_MOVE = YES;
				CLANG_WARN_UNGUARDED_AVAILABILITY = YES_AGGRESSIVE;
				CLANG_WARN_UNREACHABLE_CODE = YES;
				CLANG_WARN__DUPLICATE_METHOD_MATCH = YES;
				COPY_PHASE_STRIP = NO;
				DEBUG_INFORMATION_FORMAT = "dwarf-with-dsym";
				ENABLE_NS_ASSERTIONS = NO;
				ENABLE_STRICT_OBJC_MSGSEND = YES;
				GCC_C_LANGUAGE_STANDARD = gnu11;
				GCC_NO_COMMON_BLOCKS = YES;
				GCC_WARN_64_TO_32_BIT_CONVERSION = YES;
				GCC_WARN_ABOUT_RETURN_TYPE = YES_ERROR;
				GCC_WARN_UNDECLARED_SELECTOR = YES;
				GCC_WARN_UNINITIALIZED_AUTOS = YES_AGGRESSIVE;
				GCC_WARN_UNUSED_FUNCTION = YES;
				GCC_WARN_UNUSED_VARIABLE = YES;
				IPHONEOS_DEPLOYMENT_TARGET = 16.2;
				MTL_ENABLE_DEBUG_INFO = NO;
				MTL_FAST_MATH = YES;
				SDKROOT = iphoneos;
				VALIDATE_PRODUCT = YES;
			};
			name = Release;
		};
		2E4E9E032A8C67430080E686 /* Debug */ = {
			isa = XCBuildConfiguration;
			buildSettings = {
				ASSETCATALOG_COMPILER_APPICON_NAME = AppIcon;
				ASSETCATALOG_COMPILER_GLOBAL_ACCENT_COLOR_NAME = AccentColor;
				CODE_SIGN_STYLE = Automatic;
				CURRENT_PROJECT_VERSION = 1;
				DEVELOPMENT_TEAM = DGT9C327YY;
				GENERATE_INFOPLIST_FILE = YES;
				INFOPLIST_FILE = PushDemo/Info.plist;
				INFOPLIST_KEY_UIApplicationSupportsIndirectInputEvents = YES;
				INFOPLIST_KEY_UILaunchStoryboardName = LaunchScreen;
				INFOPLIST_KEY_UIMainStoryboardFile = Main;
				INFOPLIST_KEY_UISupportedInterfaceOrientations_iPad = "UIInterfaceOrientationPortrait UIInterfaceOrientationPortraitUpsideDown UIInterfaceOrientationLandscapeLeft UIInterfaceOrientationLandscapeRight";
				INFOPLIST_KEY_UISupportedInterfaceOrientations_iPhone = "UIInterfaceOrientationPortrait UIInterfaceOrientationLandscapeLeft UIInterfaceOrientationLandscapeRight";
				LD_RUNPATH_SEARCH_PATHS = (
					"$(inherited)",
					"@executable_path/Frameworks",
				);
				MARKETING_VERSION = 1.0;
				PRODUCT_BUNDLE_IDENTIFIER = com.hikvision.sentinels.PushDemo;
				PRODUCT_NAME = "$(TARGET_NAME)";
				SWIFT_EMIT_LOC_STRINGS = YES;
				TARGETED_DEVICE_FAMILY = "1,2";
			};
			name = Debug;
		};
		2E4E9E042A8C67430080E686 /* Release */ = {
			isa = XCBuildConfiguration;
			buildSettings = {
				ASSETCATALOG_COMPILER_APPICON_NAME = AppIcon;
				ASSETCATALOG_COMPILER_GLOBAL_ACCENT_COLOR_NAME = AccentColor;
				CODE_SIGN_STYLE = Automatic;
				CURRENT_PROJECT_VERSION = 1;
				DEVELOPMENT_TEAM = DGT9C327YY;
				GENERATE_INFOPLIST_FILE = YES;
				INFOPLIST_FILE = PushDemo/Info.plist;
				INFOPLIST_KEY_UIApplicationSupportsIndirectInputEvents = YES;
				INFOPLIST_KEY_UILaunchStoryboardName = LaunchScreen;
				INFOPLIST_KEY_UIMainStoryboardFile = Main;
				INFOPLIST_KEY_UISupportedInterfaceOrientations_iPad = "UIInterfaceOrientationPortrait UIInterfaceOrientationPortraitUpsideDown UIInterfaceOrientationLandscapeLeft UIInterfaceOrientationLandscapeRight";
				INFOPLIST_KEY_UISupportedInterfaceOrientations_iPhone = "UIInterfaceOrientationPortrait UIInterfaceOrientationLandscapeLeft UIInterfaceOrientationLandscapeRight";
				LD_RUNPATH_SEARCH_PATHS = (
					"$(inherited)",
					"@executable_path/Frameworks",
				);
				MARKETING_VERSION = 1.0;
				PRODUCT_BUNDLE_IDENTIFIER = com.hikvision.sentinels.PushDemo;
				PRODUCT_NAME = "$(TARGET_NAME)";
				SWIFT_EMIT_LOC_STRINGS = YES;
				TARGETED_DEVICE_FAMILY = "1,2";
			};
			name = Release;
		};
/* End XCBuildConfiguration section */

/* Begin XCConfigurationList section */
		2E4E9DE42A8C67420080E686 /* Build configuration list for PBXProject "PushDemo" */ = {
			isa = XCConfigurationList;
			buildConfigurations = (
				2E4E9E002A8C67430080E686 /* Debug */,
				2E4E9E012A8C67430080E686 /* Release */,
			);
			defaultConfigurationIsVisible = 0;
			defaultConfigurationName = Release;
		};
		2E4E9E022A8C67430080E686 /* Build configuration list for PBXNativeTarget "PushDemo" */ = {
			isa = XCConfigurationList;
			buildConfigurations = (
				2E4E9E032A8C67430080E686 /* Debug */,
				2E4E9E042A8C67430080E686 /* Release */,
			);
			defaultConfigurationIsVisible = 0;
			defaultConfigurationName = Release;
		};
/* End XCConfigurationList section */
	};
	rootObject = 2E4E9DE12A8C67420080E686 /* Project object */;
}
